// !$*UTF8*$!
{
	archiveVersion = 1;
	classes = {
	};
	objectVersion = 50;
	objects = {

/* Begin PBXBuildFile section */
		C0AE6F8F24E2512A004C4666 /* main.cpp in Sources */ = {isa = PBXBuildFile; fileRef = C0AE6F8E24E2512A004C4666 /* main.cpp */; };
		C0AE6F9824E25159004C4666 /* SDL2_image.framework in Frameworks */ = {isa = PBXBuildFile; fileRef = C0AE6F9624E25159004C4666 /* SDL2_image.framework */; };
		C0AE6F9924E25159004C4666 /* SDL2_image.framework in Embed Frameworks */ = {isa = PBXBuildFile; fileRef = C0AE6F9624E25159004C4666 /* SDL2_image.framework */; settings = {ATTRIBUTES = (CodeSignOnCopy, RemoveHeadersOnCopy, ); }; };
		C0AE6F9A24E25159004C4666 /* SDL2.framework in Frameworks */ = {isa = PBXBuildFile; fileRef = C0AE6F9724E25159004C4666 /* SDL2.framework */; };
		C0AE6F9B24E25159004C4666 /* SDL2.framework in Embed Frameworks */ = {isa = PBXBuildFile; fileRef = C0AE6F9724E25159004C4666 /* SDL2.framework */; settings = {ATTRIBUTES = (CodeSignOnCopy, RemoveHeadersOnCopy, ); }; };
		C0AE6F9F24E25194004C4666 /* GameClass.cpp in Sources */ = {isa = PBXBuildFile; fileRef = C0AE6F9D24E25194004C4666 /* GameClass.cpp */; };
/* End PBXBuildFile section */

/* Begin PBXCopyFilesBuildPhase section */
		C0AE6F8924E2512A004C4666 /* CopyFiles */ = {
			isa = PBXCopyFilesBuildPhase;
			buildActionMask = 2147483647;
			dstPath = /usr/share/man/man1/;
			dstSubfolderSpec = 0;
			files = (
			);
			runOnlyForDeploymentPostprocessing = 1;
		};
		C0AE6F9C24E25159004C4666 /* Embed Frameworks */ = {
			isa = PBXCopyFilesBuildPhase;
			buildActionMask = 2147483647;
			dstPath = "";
			dstSubfolderSpec = 10;
			files = (
				C0AE6F9924E25159004C4666 /* SDL2_image.framework in Embed Frameworks */,
				C0AE6F9B24E25159004C4666 /* SDL2.framework in Embed Frameworks */,
			);
			name = "Embed Frameworks";
			runOnlyForDeploymentPostprocessing = 0;
		};
/* End PBXCopyFilesBuildPhase section */

/* Begin PBXFileReference section */
		C00FE4E224E65046008C64E8 /* texture5Quarter.png */ = {isa = PBXFileReference; lastKnownFileType = image.png; name = texture5Quarter.png; path = Minesweeper/texture5Quarter.png; sourceTree = "<group>"; };
		C00FE4E324E65047008C64E8 /* texture8Quarter.png */ = {isa = PBXFileReference; lastKnownFileType = image.png; name = texture8Quarter.png; path = Minesweeper/texture8Quarter.png; sourceTree = "<group>"; };
		C00FE4E424E65047008C64E8 /* texture7Quarter.png */ = {isa = PBXFileReference; lastKnownFileType = image.png; name = texture7Quarter.png; path = Minesweeper/texture7Quarter.png; sourceTree = "<group>"; };
		C00FE4E524E65047008C64E8 /* texture3Quarter.png */ = {isa = PBXFileReference; lastKnownFileType = image.png; name = texture3Quarter.png; path = Minesweeper/texture3Quarter.png; sourceTree = "<group>"; };
		C00FE4E624E65047008C64E8 /* texture1Quarter.png */ = {isa = PBXFileReference; lastKnownFileType = image.png; name = texture1Quarter.png; path = Minesweeper/texture1Quarter.png; sourceTree = "<group>"; };
		C00FE4E724E65047008C64E8 /* texture4Quarter.png */ = {isa = PBXFileReference; lastKnownFileType = image.png; name = texture4Quarter.png; path = Minesweeper/texture4Quarter.png; sourceTree = "<group>"; };
		C00FE4E824E65047008C64E8 /* texture2Quarter.png */ = {isa = PBXFileReference; lastKnownFileType = image.png; name = texture2Quarter.png; path = Minesweeper/texture2Quarter.png; sourceTree = "<group>"; };
		C00FE4E924E65047008C64E8 /* texture6Quarter.png */ = {isa = PBXFileReference; lastKnownFileType = image.png; name = texture6Quarter.png; path = Minesweeper/texture6Quarter.png; sourceTree = "<group>"; };
		C0A8383E24E5374800762068 /* SDL2_ttf.framework */ = {isa = PBXFileReference; lastKnownFileType = wrapper.framework; name = SDL2_ttf.framework; path = ../../../../../../Library/Frameworks/SDL2_ttf.framework; sourceTree = "<group>"; };
		C0AE6F8B24E2512A004C4666 /* Minesweeper */ = {isa = PBXFileReference; explicitFileType = "compiled.mach-o.executable"; includeInIndex = 0; path = Minesweeper; sourceTree = BUILT_PRODUCTS_DIR; };
		C0AE6F8E24E2512A004C4666 /* main.cpp */ = {isa = PBXFileReference; lastKnownFileType = sourcecode.cpp.cpp; path = main.cpp; sourceTree = "<group>"; };
		C0AE6F9624E25159004C4666 /* SDL2_image.framework */ = {isa = PBXFileReference; lastKnownFileType = wrapper.framework; name = SDL2_image.framework; path = ../../../../../../Library/Frameworks/SDL2_image.framework; sourceTree = "<group>"; };
		C0AE6F9724E25159004C4666 /* SDL2.framework */ = {isa = PBXFileReference; lastKnownFileType = wrapper.framework; name = SDL2.framework; path = ../../../../../../Library/Frameworks/SDL2.framework; sourceTree = "<group>"; };
		C0AE6F9D24E25194004C4666 /* GameClass.cpp */ = {isa = PBXFileReference; lastKnownFileType = sourcecode.cpp.cpp; path = GameClass.cpp; sourceTree = "<group>"; };
		C0AE6F9E24E25194004C4666 /* GameClass.hpp */ = {isa = PBXFileReference; lastKnownFileType = sourcecode.cpp.h; path = GameClass.hpp; sourceTree = "<group>"; };
		C0DFC84024E62F0500122DAB /* Frameworks */ = {isa = PBXFileReference; lastKnownFileType = folder; name = Frameworks; path = ../../../../../../Library/Frameworks/SDL2_ttf.framework/Versions/A/Frameworks; sourceTree = "<group>"; };
		C0DFC84124E62F3E00122DAB /* FreeType.framework */ = {isa = PBXFileReference; lastKnownFileType = wrapper.framework; name = FreeType.framework; path = ../../../../../../Library/Frameworks/SDL2_ttf.framework/Versions/A/Frameworks/FreeType.framework; sourceTree = "<group>"; };
/* End PBXFileReference section */

/* Begin PBXFrameworksBuildPhase section */
		C0AE6F8824E2512A004C4666 /* Frameworks */ = {
			isa = PBXFrameworksBuildPhase;
			buildActionMask = 2147483647;
			files = (
				C0AE6F9824E25159004C4666 /* SDL2_image.framework in Frameworks */,
				C0AE6F9A24E25159004C4666 /* SDL2.framework in Frameworks */,
			);
			runOnlyForDeploymentPostprocessing = 0;
		};
/* End PBXFrameworksBuildPhase section */

/* Begin PBXGroup section */
		C0AE6F8224E25129004C4666 = {
			isa = PBXGroup;
			children = (
				C00FE4E624E65047008C64E8 /* texture1Quarter.png */,
				C00FE4E824E65047008C64E8 /* texture2Quarter.png */,
				C00FE4E524E65047008C64E8 /* texture3Quarter.png */,
				C00FE4E724E65047008C64E8 /* texture4Quarter.png */,
				C00FE4E224E65046008C64E8 /* texture5Quarter.png */,
				C00FE4E924E65047008C64E8 /* texture6Quarter.png */,
				C00FE4E424E65047008C64E8 /* texture7Quarter.png */,
				C00FE4E324E65047008C64E8 /* texture8Quarter.png */,
				C0AE6F8D24E2512A004C4666 /* Minesweeper */,
				C0AE6F8C24E2512A004C4666 /* Products */,
				C0AE6F9524E25159004C4666 /* Frameworks */,
			);
			sourceTree = "<group>";
		};
		C0AE6F8C24E2512A004C4666 /* Products */ = {
			isa = PBXGroup;
			children = (
				C0AE6F8B24E2512A004C4666 /* Minesweeper */,
			);
			name = Products;
			sourceTree = "<group>";
		};
		C0AE6F8D24E2512A004C4666 /* Minesweeper */ = {
			isa = PBXGroup;
			children = (
				C0AE6F8E24E2512A004C4666 /* main.cpp */,
				C0AE6F9D24E25194004C4666 /* GameClass.cpp */,
				C0AE6F9E24E25194004C4666 /* GameClass.hpp */,
			);
			path = Minesweeper;
			sourceTree = "<group>";
		};
		C0AE6F9524E25159004C4666 /* Frameworks */ = {
			isa = PBXGroup;
			children = (
				C0DFC84124E62F3E00122DAB /* FreeType.framework */,
				C0DFC84024E62F0500122DAB /* Frameworks */,
				C0A8383E24E5374800762068 /* SDL2_ttf.framework */,
				C0AE6F9624E25159004C4666 /* SDL2_image.framework */,
				C0AE6F9724E25159004C4666 /* SDL2.framework */,
			);
			name = Frameworks;
			sourceTree = "<group>";
		};
/* End PBXGroup section */

/* Begin PBXNativeTarget section */
		C0AE6F8A24E2512A004C4666 /* Minesweeper */ = {
			isa = PBXNativeTarget;
			buildConfigurationList = C0AE6F9224E2512A004C4666 /* Build configuration list for PBXNativeTarget "Minesweeper" */;
			buildPhases = (
				C0AE6F8724E2512A004C4666 /* Sources */,
				C0AE6F8824E2512A004C4666 /* Frameworks */,
				C0AE6F8924E2512A004C4666 /* CopyFiles */,
				C0AE6F9C24E25159004C4666 /* Embed Frameworks */,
			);
			buildRules = (
			);
			dependencies = (
			);
			name = Minesweeper;
			productName = Minesweeper;
			productReference = C0AE6F8B24E2512A004C4666 /* Minesweeper */;
			productType = "com.apple.product-type.tool";
		};
/* End PBXNativeTarget section */

/* Begin PBXProject section */
		C0AE6F8324E25129004C4666 /* Project object */ = {
			isa = PBXProject;
			attributes = {
				LastUpgradeCheck = 1140;
				ORGANIZATIONNAME = "Hayden Setlik";
				TargetAttributes = {
					C0AE6F8A24E2512A004C4666 = {
						CreatedOnToolsVersion = 11.4;
					};
				};
			};
			buildConfigurationList = C0AE6F8624E25129004C4666 /* Build configuration list for PBXProject "Minesweeper" */;
			compatibilityVersion = "Xcode 9.3";
			developmentRegion = en;
			hasScannedForEncodings = 0;
			knownRegions = (
				en,
				Base,
			);
			mainGroup = C0AE6F8224E25129004C4666;
			productRefGroup = C0AE6F8C24E2512A004C4666 /* Products */;
			projectDirPath = "";
			projectRoot = "";
			targets = (
				C0AE6F8A24E2512A004C4666 /* Minesweeper */,
			);
		};
/* End PBXProject section */

/* Begin PBXSourcesBuildPhase section */
		C0AE6F8724E2512A004C4666 /* Sources */ = {
			isa = PBXSourcesBuildPhase;
			buildActionMask = 2147483647;
			files = (
				C0AE6F9F24E25194004C4666 /* GameClass.cpp in Sources */,
				C0AE6F8F24E2512A004C4666 /* main.cpp in Sources */,
			);
			runOnlyForDeploymentPostprocessing = 0;
		};
/* End PBXSourcesBuildPhase section */

/* Begin XCBuildConfiguration section */
		C0AE6F9024E2512A004C4666 /* Debug */ = {
			isa = XCBuildConfiguration;
			buildSettings = {
				ALWAYS_SEARCH_USER_PATHS = NO;
				CLANG_ANALYZER_NONNULL = YES;
				CLANG_ANALYZER_NUMBER_OBJECT_CONVERSION = YES_AGGRESSIVE;
				CLANG_CXX_LANGUAGE_STANDARD = "gnu++14";
				CLANG_CXX_LIBRARY = "libc++";
				CLANG_ENABLE_MODULES = YES;
				CLANG_ENABLE_OBJC_ARC = YES;
				CLANG_ENABLE_OBJC_WEAK = YES;
				CLANG_WARN_BLOCK_CAPTURE_AUTORELEASING = YES;
				CLANG_WARN_BOOL_CONVERSION = YES;
				CLANG_WARN_COMMA = YES;
				CLANG_WARN_CONSTANT_CONVERSION = YES;
				CLANG_WARN_DEPRECATED_OBJC_IMPLEMENTATIONS = YES;
				CLANG_WARN_DIRECT_OBJC_ISA_USAGE = YES_ERROR;
				CLANG_WARN_DOCUMENTATION_COMMENTS = YES;
				CLANG_WARN_EMPTY_BODY = YES;
				CLANG_WARN_ENUM_CONVERSION = YES;
				CLANG_WARN_INFINITE_RECURSION = YES;
				CLANG_WARN_INT_CONVERSION = YES;
				CLANG_WARN_NON_LITERAL_NULL_CONVERSION = YES;
				CLANG_WARN_OBJC_IMPLICIT_RETAIN_SELF = YES;
				CLANG_WARN_OBJC_LITERAL_CONVERSION = YES;
				CLANG_WARN_OBJC_ROOT_CLASS = YES_ERROR;
				CLANG_WARN_RANGE_LOOP_ANALYSIS = YES;
				CLANG_WARN_STRICT_PROTOTYPES = YES;
				CLANG_WARN_SUSPICIOUS_MOVE = YES;
				CLANG_WARN_UNGUARDED_AVAILABILITY = YES_AGGRESSIVE;
				CLANG_WARN_UNREACHABLE_CODE = YES;
				CLANG_WARN__DUPLICATE_METHOD_MATCH = YES;
				COPY_PHASE_STRIP = NO;
				DEBUG_INFORMATION_FORMAT = dwarf;
				ENABLE_STRICT_OBJC_MSGSEND = YES;
				ENABLE_TESTABILITY = YES;
				GCC_C_LANGUAGE_STANDARD = gnu11;
				GCC_DYNAMIC_NO_PIC = NO;
				GCC_NO_COMMON_BLOCKS = YES;
				GCC_OPTIMIZATION_LEVEL = 0;
				GCC_PREPROCESSOR_DEFINITIONS = (
					"DEBUG=1",
					"$(inherited)",
				);
				GCC_WARN_64_TO_32_BIT_CONVERSION = YES;
				GCC_WARN_ABOUT_RETURN_TYPE = YES_ERROR;
				GCC_WARN_UNDECLARED_SELECTOR = YES;
				GCC_WARN_UNINITIALIZED_AUTOS = YES_AGGRESSIVE;
				GCC_WARN_UNUSED_FUNCTION = YES;
				GCC_WARN_UNUSED_VARIABLE = YES;
				MACOSX_DEPLOYMENT_TARGET = 10.15;
				MTL_ENABLE_DEBUG_INFO = INCLUDE_SOURCE;
				MTL_FAST_MATH = YES;
				ONLY_ACTIVE_ARCH = YES;
				SDKROOT = macosx;
			};
			name = Debug;
		};
		C0AE6F9124E2512A004C4666 /* Release */ = {
			isa = XCBuildConfiguration;
			buildSettings = {
				ALWAYS_SEARCH_USER_PATHS = NO;
				CLANG_ANALYZER_NONNULL = YES;
				CLANG_ANALYZER_NUMBER_OBJECT_CONVERSION = YES_AGGRESSIVE;
				CLANG_CXX_LANGUAGE_STANDARD = "gnu++14";
				CLANG_CXX_LIBRARY = "libc++";
				CLANG_ENABLE_MODULES = YES;
				CLANG_ENABLE_OBJC_ARC = YES;
				CLANG_ENABLE_OBJC_WEAK = YES;
				CLANG_WARN_BLOCK_CAPTURE_AUTORELEASING = YES;
				CLANG_WARN_BOOL_CONVERSION = YES;
				CLANG_WARN_COMMA = YES;
				CLANG_WARN_CONSTANT_CONVERSION = YES;
				CLANG_WARN_DEPRECATED_OBJC_IMPLEMENTATIONS = YES;
				CLANG_WARN_DIRECT_OBJC_ISA_USAGE = YES_ERROR;
				CLANG_WARN_DOCUMENTATION_COMMENTS = YES;
				CLANG_WARN_EMPTY_BODY = YES;
				CLANG_WARN_ENUM_CONVERSION = YES;
				CLANG_WARN_INFINITE_RECURSION = YES;
				CLANG_WARN_INT_CONVERSION = YES;
				CLANG_WARN_NON_LITERAL_NULL_CONVERSION = YES;
				CLANG_WARN_OBJC_IMPLICIT_RETAIN_SELF = YES;
				CLANG_WARN_OBJC_LITERAL_CONVERSION = YES;
				CLANG_WARN_OBJC_ROOT_CLASS = YES_ERROR;
				CLANG_WARN_RANGE_LOOP_ANALYSIS = YES;
				CLANG_WARN_STRICT_PROTOTYPES = YES;
				CLANG_WARN_SUSPICIOUS_MOVE = YES;
				CLANG_WARN_UNGUARDED_AVAILABILITY = YES_AGGRESSIVE;
				CLANG_WARN_UNREACHABLE_CODE = YES;
				CLANG_WARN__DUPLICATE_METHOD_MATCH = YES;
				COPY_PHASE_STRIP = NO;
				DEBUG_INFORMATION_FORMAT = "dwarf-with-dsym";
				ENABLE_NS_ASSERTIONS = NO;
				ENABLE_STRICT_OBJC_MSGSEND = YES;
				GCC_C_LANGUAGE_STANDARD = gnu11;
				GCC_NO_COMMON_BLOCKS = YES;
				GCC_WARN_64_TO_32_BIT_CONVERSION = YES;
				GCC_WARN_ABOUT_RETURN_TYPE = YES_ERROR;
				GCC_WARN_UNDECLARED_SELECTOR = YES;
				GCC_WARN_UNINITIALIZED_AUTOS = YES_AGGRESSIVE;
				GCC_WARN_UNUSED_FUNCTION = YES;
				GCC_WARN_UNUSED_VARIABLE = YES;
				MACOSX_DEPLOYMENT_TARGET = 10.15;
				MTL_ENABLE_DEBUG_INFO = NO;
				MTL_FAST_MATH = YES;
				SDKROOT = macosx;
			};
			name = Release;
		};
		C0AE6F9324E2512A004C4666 /* Debug */ = {
			isa = XCBuildConfiguration;
			buildSettings = {
				CODE_SIGN_IDENTITY = "Apple Development";
				CODE_SIGN_STYLE = Automatic;
				DEVELOPMENT_TEAM = 9GGFZC47P2;
				FRAMEWORK_SEARCH_PATHS = (
					"$(inherited)",
					"$(LOCAL_LIBRARY_DIR)/Frameworks",
					"$(LOCAL_LIBRARY_DIR)/Frameworks/SDL2_ttf.framework/Versions/A/Frameworks",
				);
				PRODUCT_NAME = "$(TARGET_NAME)";
				PROVISIONING_PROFILE_SPECIFIER = "";
			};
			name = Debug;
		};
		C0AE6F9424E2512A004C4666 /* Release */ = {
			isa = XCBuildConfiguration;
			buildSettings = {
				CODE_SIGN_IDENTITY = "Apple Development";
				CODE_SIGN_STYLE = Automatic;
				DEVELOPMENT_TEAM = 9GGFZC47P2;
				FRAMEWORK_SEARCH_PATHS = (
					"$(inherited)",
					"$(LOCAL_LIBRARY_DIR)/Frameworks",
					"$(LOCAL_LIBRARY_DIR)/Frameworks/SDL2_ttf.framework/Versions/A/Frameworks",
				);
				PRODUCT_NAME = "$(TARGET_NAME)";
				PROVISIONING_PROFILE_SPECIFIER = "";
			};
			name = Release;
		};
/* End XCBuildConfiguration section */

/* Begin XCConfigurationList section */
		C0AE6F8624E25129004C4666 /* Build configuration list for PBXProject "Minesweeper" */ = {
			isa = XCConfigurationList;
			buildConfigurations = (
				C0AE6F9024E2512A004C4666 /* Debug */,
				C0AE6F9124E2512A004C4666 /* Release */,
			);
			defaultConfigurationIsVisible = 0;
			defaultConfigurationName = Release;
		};
		C0AE6F9224E2512A004C4666 /* Build configuration list for PBXNativeTarget "Minesweeper" */ = {
			isa = XCConfigurationList;
			buildConfigurations = (
				C0AE6F9324E2512A004C4666 /* Debug */,
				C0AE6F9424E2512A004C4666 /* Release */,
			);
			defaultConfigurationIsVisible = 0;
			defaultConfigurationName = Release;
		};
/* End XCConfigurationList section */
	};
	rootObject = C0AE6F8324E25129004C4666 /* Project object */;
}
